// !$*UTF8*$!
{
	archiveVersion = 1;
	classes = {
	};
	objectVersion = 46;
	objects = {

/* Begin PBXBuildFile section */
		491E61CB1F24013E004142B8 /* ArrayDelegateTests.swift in Sources */ = {isa = PBXBuildFile; fileRef = 491E61CA1F24013E004142B8 /* ArrayDelegateTests.swift */; };
		492F0B241F2370710031EBDC /* MembersViewController.swift in Sources */ = {isa = PBXBuildFile; fileRef = 492F0B221F2370710031EBDC /* MembersViewController.swift */; };
		492F0B251F2370710031EBDC /* MembersViewController.xib in Resources */ = {isa = PBXBuildFile; fileRef = 492F0B231F2370710031EBDC /* MembersViewController.xib */; };
		492F0B271F2373BE0031EBDC /* ArrayDataSource.swift in Sources */ = {isa = PBXBuildFile; fileRef = 492F0B261F2373BE0031EBDC /* ArrayDataSource.swift */; };
		492F0B291F2377F20031EBDC /* ArrayDataSourceTests.swift in Sources */ = {isa = PBXBuildFile; fileRef = 492F0B281F2377F20031EBDC /* ArrayDataSourceTests.swift */; };
		492F0B2B1F237B430031EBDC /* ArrayTableViewController.swift in Sources */ = {isa = PBXBuildFile; fileRef = 492F0B2A1F237B430031EBDC /* ArrayTableViewController.swift */; };
		492F0B2E1F237CD00031EBDC /* DataSources.swift in Sources */ = {isa = PBXBuildFile; fileRef = 492F0B2D1F237CD00031EBDC /* DataSources.swift */; };
		492F0B301F2381850031EBDC /* ArrayDelegate.swift in Sources */ = {isa = PBXBuildFile; fileRef = 492F0B2F1F2381850031EBDC /* ArrayDelegate.swift */; };
		492F0B321F2382620031EBDC /* Delegates.swift in Sources */ = {isa = PBXBuildFile; fileRef = 492F0B311F2382620031EBDC /* Delegates.swift */; };
		497A25641F1D4A28008499AF /* WikiViewController.swift in Sources */ = {isa = PBXBuildFile; fileRef = 497A25621F1D4A28008499AF /* WikiViewController.swift */; };
		497A25651F1D4A28008499AF /* WikiViewController.xib in Resources */ = {isa = PBXBuildFile; fileRef = 497A25631F1D4A28008499AF /* WikiViewController.xib */; };
		497A256C1F1D667D008499AF /* HousesViewController.swift in Sources */ = {isa = PBXBuildFile; fileRef = 497A256A1F1D667D008499AF /* HousesViewController.swift */; };
		497A256D1F1D667D008499AF /* HousesViewController.xib in Resources */ = {isa = PBXBuildFile; fileRef = 497A256B1F1D667D008499AF /* HousesViewController.xib */; };
		ED32F0421F1CB60D000408C4 /* targaryenSmall.jpg in Resources */ = {isa = PBXBuildFile; fileRef = ED32F0411F1CB60D000408C4 /* targaryenSmall.jpg */; };
		ED853EE81F0C47E100F04AD6 /* AppDelegate.swift in Sources */ = {isa = PBXBuildFile; fileRef = ED853EE71F0C47E100F04AD6 /* AppDelegate.swift */; };
		ED853EEF1F0C47E100F04AD6 /* Assets.xcassets in Resources */ = {isa = PBXBuildFile; fileRef = ED853EEE1F0C47E100F04AD6 /* Assets.xcassets */; };
		ED853EF21F0C47E100F04AD6 /* LaunchScreen.storyboard in Resources */ = {isa = PBXBuildFile; fileRef = ED853EF01F0C47E100F04AD6 /* LaunchScreen.storyboard */; };
		ED8E650D1F0EC0F700BCC853 /* HouseTests.swift in Sources */ = {isa = PBXBuildFile; fileRef = ED8E650C1F0EC0F700BCC853 /* HouseTests.swift */; };
		ED8E650F1F0EC23700BCC853 /* House.swift in Sources */ = {isa = PBXBuildFile; fileRef = ED8E650E1F0EC23700BCC853 /* House.swift */; };
		ED8E65131F0EC86D00BCC853 /* codeIsComing.png in Resources */ = {isa = PBXBuildFile; fileRef = ED8E65111F0EC86D00BCC853 /* codeIsComing.png */; };
		ED8E65141F0EC86D00BCC853 /* lannister.jpg in Resources */ = {isa = PBXBuildFile; fileRef = ED8E65121F0EC86D00BCC853 /* lannister.jpg */; };
		ED8E65171F0ECAA200BCC853 /* PersonTest.swift in Sources */ = {isa = PBXBuildFile; fileRef = ED8E65161F0ECAA200BCC853 /* PersonTest.swift */; };
		ED8E65191F0ECD8500BCC853 /* Person.swift in Sources */ = {isa = PBXBuildFile; fileRef = ED8E65181F0ECD8500BCC853 /* Person.swift */; };
		EDE69E5E1F155D9C00CE93C9 /* UIKitExtensions.swift in Sources */ = {isa = PBXBuildFile; fileRef = EDE69E5D1F155D9C00CE93C9 /* UIKitExtensions.swift */; };
		EDE69E601F15607C00CE93C9 /* RepositoryTests.swift in Sources */ = {isa = PBXBuildFile; fileRef = EDE69E5F1F15607C00CE93C9 /* RepositoryTests.swift */; };
		EDE69E621F15622400CE93C9 /* Repository.swift in Sources */ = {isa = PBXBuildFile; fileRef = EDE69E611F15622400CE93C9 /* Repository.swift */; };
		EDFDFA9F1F14128D00699250 /* HouseViewController.swift in Sources */ = {isa = PBXBuildFile; fileRef = EDFDFA9D1F14128D00699250 /* HouseViewController.swift */; };
		EDFDFAA01F14128D00699250 /* HouseViewController.xib in Resources */ = {isa = PBXBuildFile; fileRef = EDFDFA9E1F14128D00699250 /* HouseViewController.xib */; };
/* End PBXBuildFile section */

/* Begin PBXContainerItemProxy section */
		ED853EF91F0C47E100F04AD6 /* PBXContainerItemProxy */ = {
			isa = PBXContainerItemProxy;
			containerPortal = ED853EDC1F0C47E100F04AD6 /* Project object */;
			proxyType = 1;
			remoteGlobalIDString = ED853EE31F0C47E100F04AD6;
			remoteInfo = Westeros;
		};
/* End PBXContainerItemProxy section */

/* Begin PBXFileReference section */
		491E61CA1F24013E004142B8 /* ArrayDelegateTests.swift */ = {isa = PBXFileReference; fileEncoding = 4; lastKnownFileType = sourcecode.swift; path = ArrayDelegateTests.swift; sourceTree = "<group>"; };
		492F0B221F2370710031EBDC /* MembersViewController.swift */ = {isa = PBXFileReference; fileEncoding = 4; lastKnownFileType = sourcecode.swift; path = MembersViewController.swift; sourceTree = "<group>"; };
		492F0B231F2370710031EBDC /* MembersViewController.xib */ = {isa = PBXFileReference; fileEncoding = 4; lastKnownFileType = file.xib; path = MembersViewController.xib; sourceTree = "<group>"; };
		492F0B261F2373BE0031EBDC /* ArrayDataSource.swift */ = {isa = PBXFileReference; fileEncoding = 4; lastKnownFileType = sourcecode.swift; path = ArrayDataSource.swift; sourceTree = "<group>"; };
		492F0B281F2377F20031EBDC /* ArrayDataSourceTests.swift */ = {isa = PBXFileReference; fileEncoding = 4; lastKnownFileType = sourcecode.swift; path = ArrayDataSourceTests.swift; sourceTree = "<group>"; };
		492F0B2A1F237B430031EBDC /* ArrayTableViewController.swift */ = {isa = PBXFileReference; fileEncoding = 4; lastKnownFileType = sourcecode.swift; path = ArrayTableViewController.swift; sourceTree = "<group>"; };
		492F0B2D1F237CD00031EBDC /* DataSources.swift */ = {isa = PBXFileReference; fileEncoding = 4; lastKnownFileType = sourcecode.swift; path = DataSources.swift; sourceTree = "<group>"; };
		492F0B2F1F2381850031EBDC /* ArrayDelegate.swift */ = {isa = PBXFileReference; fileEncoding = 4; lastKnownFileType = sourcecode.swift; path = ArrayDelegate.swift; sourceTree = "<group>"; };
		492F0B311F2382620031EBDC /* Delegates.swift */ = {isa = PBXFileReference; fileEncoding = 4; lastKnownFileType = sourcecode.swift; path = Delegates.swift; sourceTree = "<group>"; };
		497A25621F1D4A28008499AF /* WikiViewController.swift */ = {isa = PBXFileReference; fileEncoding = 4; lastKnownFileType = sourcecode.swift; path = WikiViewController.swift; sourceTree = "<group>"; };
		497A25631F1D4A28008499AF /* WikiViewController.xib */ = {isa = PBXFileReference; fileEncoding = 4; lastKnownFileType = file.xib; path = WikiViewController.xib; sourceTree = "<group>"; };
		497A256A1F1D667D008499AF /* HousesViewController.swift */ = {isa = PBXFileReference; fileEncoding = 4; lastKnownFileType = sourcecode.swift; path = HousesViewController.swift; sourceTree = "<group>"; };
		497A256B1F1D667D008499AF /* HousesViewController.xib */ = {isa = PBXFileReference; fileEncoding = 4; lastKnownFileType = file.xib; path = HousesViewController.xib; sourceTree = "<group>"; };
		ED32F0411F1CB60D000408C4 /* targaryenSmall.jpg */ = {isa = PBXFileReference; lastKnownFileType = image.jpeg; path = targaryenSmall.jpg; sourceTree = "<group>"; };
		ED853EE41F0C47E100F04AD6 /* Westeros.app */ = {isa = PBXFileReference; explicitFileType = wrapper.application; includeInIndex = 0; path = Westeros.app; sourceTree = BUILT_PRODUCTS_DIR; };
		ED853EE71F0C47E100F04AD6 /* AppDelegate.swift */ = {isa = PBXFileReference; lastKnownFileType = sourcecode.swift; path = AppDelegate.swift; sourceTree = "<group>"; };
		ED853EEE1F0C47E100F04AD6 /* Assets.xcassets */ = {isa = PBXFileReference; lastKnownFileType = folder.assetcatalog; path = Assets.xcassets; sourceTree = "<group>"; };
		ED853EF11F0C47E100F04AD6 /* Base */ = {isa = PBXFileReference; lastKnownFileType = file.storyboard; name = Base; path = Base.lproj/LaunchScreen.storyboard; sourceTree = "<group>"; };
		ED853EF31F0C47E100F04AD6 /* Info.plist */ = {isa = PBXFileReference; lastKnownFileType = text.plist.xml; path = Info.plist; sourceTree = "<group>"; };
		ED853EF81F0C47E100F04AD6 /* WesterosTests.xctest */ = {isa = PBXFileReference; explicitFileType = wrapper.cfbundle; includeInIndex = 0; path = WesterosTests.xctest; sourceTree = BUILT_PRODUCTS_DIR; };
		ED853EFE1F0C47E100F04AD6 /* Info.plist */ = {isa = PBXFileReference; lastKnownFileType = text.plist.xml; path = Info.plist; sourceTree = "<group>"; };
		ED8E650C1F0EC0F700BCC853 /* HouseTests.swift */ = {isa = PBXFileReference; fileEncoding = 4; lastKnownFileType = sourcecode.swift; path = HouseTests.swift; sourceTree = "<group>"; };
		ED8E650E1F0EC23700BCC853 /* House.swift */ = {isa = PBXFileReference; fileEncoding = 4; lastKnownFileType = sourcecode.swift; path = House.swift; sourceTree = "<group>"; };
		ED8E65111F0EC86D00BCC853 /* codeIsComing.png */ = {isa = PBXFileReference; lastKnownFileType = image.png; path = codeIsComing.png; sourceTree = "<group>"; };
		ED8E65121F0EC86D00BCC853 /* lannister.jpg */ = {isa = PBXFileReference; lastKnownFileType = image.jpeg; path = lannister.jpg; sourceTree = "<group>"; };
		ED8E65161F0ECAA200BCC853 /* PersonTest.swift */ = {isa = PBXFileReference; fileEncoding = 4; lastKnownFileType = sourcecode.swift; path = PersonTest.swift; sourceTree = "<group>"; };
		ED8E65181F0ECD8500BCC853 /* Person.swift */ = {isa = PBXFileReference; fileEncoding = 4; lastKnownFileType = sourcecode.swift; path = Person.swift; sourceTree = "<group>"; };
		EDE69E5D1F155D9C00CE93C9 /* UIKitExtensions.swift */ = {isa = PBXFileReference; fileEncoding = 4; lastKnownFileType = sourcecode.swift; path = UIKitExtensions.swift; sourceTree = "<group>"; };
		EDE69E5F1F15607C00CE93C9 /* RepositoryTests.swift */ = {isa = PBXFileReference; fileEncoding = 4; lastKnownFileType = sourcecode.swift; path = RepositoryTests.swift; sourceTree = "<group>"; };
		EDE69E611F15622400CE93C9 /* Repository.swift */ = {isa = PBXFileReference; fileEncoding = 4; lastKnownFileType = sourcecode.swift; path = Repository.swift; sourceTree = "<group>"; };
		EDFDFA9D1F14128D00699250 /* HouseViewController.swift */ = {isa = PBXFileReference; fileEncoding = 4; lastKnownFileType = sourcecode.swift; path = HouseViewController.swift; sourceTree = "<group>"; };
		EDFDFA9E1F14128D00699250 /* HouseViewController.xib */ = {isa = PBXFileReference; fileEncoding = 4; lastKnownFileType = file.xib; path = HouseViewController.xib; sourceTree = "<group>"; };
/* End PBXFileReference section */

/* Begin PBXFrameworksBuildPhase section */
		ED853EE11F0C47E100F04AD6 /* Frameworks */ = {
			isa = PBXFrameworksBuildPhase;
			buildActionMask = 2147483647;
			files = (
			);
			runOnlyForDeploymentPostprocessing = 0;
		};
		ED853EF51F0C47E100F04AD6 /* Frameworks */ = {
			isa = PBXFrameworksBuildPhase;
			buildActionMask = 2147483647;
			files = (
			);
			runOnlyForDeploymentPostprocessing = 0;
		};
/* End PBXFrameworksBuildPhase section */

/* Begin PBXGroup section */
		492F0B2C1F237CA20031EBDC /* Generics */ = {
			isa = PBXGroup;
			children = (
				492F0B331F2382B80031EBDC /* Data Sources */,
				492F0B341F2382C20031EBDC /* Delegates */,
				492F0B261F2373BE0031EBDC /* ArrayDataSource.swift */,
				492F0B2F1F2381850031EBDC /* ArrayDelegate.swift */,
				492F0B2A1F237B430031EBDC /* ArrayTableViewController.swift */,
			);
			name = Generics;
			sourceTree = "<group>";
		};
		492F0B331F2382B80031EBDC /* Data Sources */ = {
			isa = PBXGroup;
			children = (
				492F0B2D1F237CD00031EBDC /* DataSources.swift */,
			);
			name = "Data Sources";
			sourceTree = "<group>";
		};
		492F0B341F2382C20031EBDC /* Delegates */ = {
			isa = PBXGroup;
			children = (
				492F0B311F2382620031EBDC /* Delegates.swift */,
			);
			name = Delegates;
			sourceTree = "<group>";
		};
		ED853EDB1F0C47E100F04AD6 = {
			isa = PBXGroup;
			children = (
				ED853EE61F0C47E100F04AD6 /* Westeros */,
				ED853EFB1F0C47E100F04AD6 /* WesterosTests */,
				ED853EE51F0C47E100F04AD6 /* Products */,
			);
			sourceTree = "<group>";
		};
		ED853EE51F0C47E100F04AD6 /* Products */ = {
			isa = PBXGroup;
			children = (
				ED853EE41F0C47E100F04AD6 /* Westeros.app */,
				ED853EF81F0C47E100F04AD6 /* WesterosTests.xctest */,
			);
			name = Products;
			sourceTree = "<group>";
		};
		ED853EE61F0C47E100F04AD6 /* Westeros */ = {
			isa = PBXGroup;
			children = (
				EDE69E5C1F155D7800CE93C9 /* Cocoa */,
				ED8E65151F0EC87600BCC853 /* Resources */,
				EDFDFAA11F14129500699250 /* Controllers */,
				ED8E65101F0EC24100BCC853 /* Models */,
				ED853EE71F0C47E100F04AD6 /* AppDelegate.swift */,
				ED853EEE1F0C47E100F04AD6 /* Assets.xcassets */,
				ED853EF01F0C47E100F04AD6 /* LaunchScreen.storyboard */,
				ED853EF31F0C47E100F04AD6 /* Info.plist */,
			);
			path = Westeros;
			sourceTree = "<group>";
		};
		ED853EFB1F0C47E100F04AD6 /* WesterosTests */ = {
			isa = PBXGroup;
			children = (
				ED853EFE1F0C47E100F04AD6 /* Info.plist */,
				ED8E650C1F0EC0F700BCC853 /* HouseTests.swift */,
				ED8E65161F0ECAA200BCC853 /* PersonTest.swift */,
				EDE69E5F1F15607C00CE93C9 /* RepositoryTests.swift */,
				492F0B281F2377F20031EBDC /* ArrayDataSourceTests.swift */,
				491E61CA1F24013E004142B8 /* ArrayDelegateTests.swift */,
			);
			path = WesterosTests;
			sourceTree = "<group>";
		};
		ED8E65101F0EC24100BCC853 /* Models */ = {
			isa = PBXGroup;
			children = (
				ED8E650E1F0EC23700BCC853 /* House.swift */,
				ED8E65181F0ECD8500BCC853 /* Person.swift */,
				EDE69E611F15622400CE93C9 /* Repository.swift */,
			);
			name = Models;
			sourceTree = "<group>";
		};
		ED8E65151F0EC87600BCC853 /* Resources */ = {
			isa = PBXGroup;
			children = (
				ED8E65111F0EC86D00BCC853 /* codeIsComing.png */,
				ED32F0411F1CB60D000408C4 /* targaryenSmall.jpg */,
				ED8E65121F0EC86D00BCC853 /* lannister.jpg */,
			);
			name = Resources;
			sourceTree = "<group>";
		};
		EDE69E5C1F155D7800CE93C9 /* Cocoa */ = {
			isa = PBXGroup;
			children = (
				EDE69E5D1F155D9C00CE93C9 /* UIKitExtensions.swift */,
			);
			name = Cocoa;
			sourceTree = "<group>";
		};
		EDFDFAA11F14129500699250 /* Controllers */ = {
			isa = PBXGroup;
			children = (
				492F0B2C1F237CA20031EBDC /* Generics */,
				EDFDFA9D1F14128D00699250 /* HouseViewController.swift */,
				EDFDFA9E1F14128D00699250 /* HouseViewController.xib */,
				497A25621F1D4A28008499AF /* WikiViewController.swift */,
				497A25631F1D4A28008499AF /* WikiViewController.xib */,
				497A256A1F1D667D008499AF /* HousesViewController.swift */,
				497A256B1F1D667D008499AF /* HousesViewController.xib */,
				492F0B221F2370710031EBDC /* MembersViewController.swift */,
				492F0B231F2370710031EBDC /* MembersViewController.xib */,
			);
			name = Controllers;
			sourceTree = "<group>";
		};
/* End PBXGroup section */

/* Begin PBXNativeTarget section */
		ED853EE31F0C47E100F04AD6 /* Westeros */ = {
			isa = PBXNativeTarget;
			buildConfigurationList = ED853F011F0C47E100F04AD6 /* Build configuration list for PBXNativeTarget "Westeros" */;
			buildPhases = (
				ED853EE01F0C47E100F04AD6 /* Sources */,
				ED853EE11F0C47E100F04AD6 /* Frameworks */,
				ED853EE21F0C47E100F04AD6 /* Resources */,
			);
			buildRules = (
			);
			dependencies = (
			);
			name = Westeros;
			productName = Westeros;
			productReference = ED853EE41F0C47E100F04AD6 /* Westeros.app */;
			productType = "com.apple.product-type.application";
		};
		ED853EF71F0C47E100F04AD6 /* WesterosTests */ = {
			isa = PBXNativeTarget;
			buildConfigurationList = ED853F041F0C47E100F04AD6 /* Build configuration list for PBXNativeTarget "WesterosTests" */;
			buildPhases = (
				ED853EF41F0C47E100F04AD6 /* Sources */,
				ED853EF51F0C47E100F04AD6 /* Frameworks */,
				ED853EF61F0C47E100F04AD6 /* Resources */,
			);
			buildRules = (
			);
			dependencies = (
				ED853EFA1F0C47E100F04AD6 /* PBXTargetDependency */,
			);
			name = WesterosTests;
			productName = WesterosTests;
			productReference = ED853EF81F0C47E100F04AD6 /* WesterosTests.xctest */;
			productType = "com.apple.product-type.bundle.unit-test";
		};
/* End PBXNativeTarget section */

/* Begin PBXProject section */
		ED853EDC1F0C47E100F04AD6 /* Project object */ = {
			isa = PBXProject;
			attributes = {
				LastSwiftUpdateCheck = 0830;
				LastUpgradeCheck = 0830;
				ORGANIZATIONNAME = Keepcoding;
				TargetAttributes = {
					ED853EE31F0C47E100F04AD6 = {
						CreatedOnToolsVersion = 8.3.3;
						DevelopmentTeam = L74TMB66P4;
						ProvisioningStyle = Automatic;
					};
					ED853EF71F0C47E100F04AD6 = {
						CreatedOnToolsVersion = 8.3.3;
						DevelopmentTeam = L74TMB66P4;
						LastSwiftMigration = 0830;
						ProvisioningStyle = Automatic;
						TestTargetID = ED853EE31F0C47E100F04AD6;
					};
				};
			};
			buildConfigurationList = ED853EDF1F0C47E100F04AD6 /* Build configuration list for PBXProject "Westeros" */;
			compatibilityVersion = "Xcode 3.2";
			developmentRegion = English;
			hasScannedForEncodings = 0;
			knownRegions = (
				en,
				Base,
			);
			mainGroup = ED853EDB1F0C47E100F04AD6;
			productRefGroup = ED853EE51F0C47E100F04AD6 /* Products */;
			projectDirPath = "";
			projectRoot = "";
			targets = (
				ED853EE31F0C47E100F04AD6 /* Westeros */,
				ED853EF71F0C47E100F04AD6 /* WesterosTests */,
			);
		};
/* End PBXProject section */

/* Begin PBXResourcesBuildPhase section */
		ED853EE21F0C47E100F04AD6 /* Resources */ = {
			isa = PBXResourcesBuildPhase;
			buildActionMask = 2147483647;
			files = (
				ED8E65141F0EC86D00BCC853 /* lannister.jpg in Resources */,
				497A25651F1D4A28008499AF /* WikiViewController.xib in Resources */,
				ED8E65131F0EC86D00BCC853 /* codeIsComing.png in Resources */,
				ED32F0421F1CB60D000408C4 /* targaryenSmall.jpg in Resources */,
				EDFDFAA01F14128D00699250 /* HouseViewController.xib in Resources */,
				492F0B251F2370710031EBDC /* MembersViewController.xib in Resources */,
				ED853EF21F0C47E100F04AD6 /* LaunchScreen.storyboard in Resources */,
				ED853EEF1F0C47E100F04AD6 /* Assets.xcassets in Resources */,
				497A256D1F1D667D008499AF /* HousesViewController.xib in Resources */,
			);
			runOnlyForDeploymentPostprocessing = 0;
		};
		ED853EF61F0C47E100F04AD6 /* Resources */ = {
			isa = PBXResourcesBuildPhase;
			buildActionMask = 2147483647;
			files = (
			);
			runOnlyForDeploymentPostprocessing = 0;
		};
/* End PBXResourcesBuildPhase section */

/* Begin PBXSourcesBuildPhase section */
		ED853EE01F0C47E100F04AD6 /* Sources */ = {
			isa = PBXSourcesBuildPhase;
			buildActionMask = 2147483647;
			files = (
				492F0B2B1F237B430031EBDC /* ArrayTableViewController.swift in Sources */,
				492F0B271F2373BE0031EBDC /* ArrayDataSource.swift in Sources */,
				492F0B321F2382620031EBDC /* Delegates.swift in Sources */,
				492F0B301F2381850031EBDC /* ArrayDelegate.swift in Sources */,
				ED8E65191F0ECD8500BCC853 /* Person.swift in Sources */,
				492F0B241F2370710031EBDC /* MembersViewController.swift in Sources */,
				ED8E650F1F0EC23700BCC853 /* House.swift in Sources */,
				ED853EE81F0C47E100F04AD6 /* AppDelegate.swift in Sources */,
				497A256C1F1D667D008499AF /* HousesViewController.swift in Sources */,
				EDFDFA9F1F14128D00699250 /* HouseViewController.swift in Sources */,
				EDE69E5E1F155D9C00CE93C9 /* UIKitExtensions.swift in Sources */,
				EDE69E621F15622400CE93C9 /* Repository.swift in Sources */,
				492F0B2E1F237CD00031EBDC /* DataSources.swift in Sources */,
				497A25641F1D4A28008499AF /* WikiViewController.swift in Sources */,
			);
			runOnlyForDeploymentPostprocessing = 0;
		};
		ED853EF41F0C47E100F04AD6 /* Sources */ = {
			isa = PBXSourcesBuildPhase;
			buildActionMask = 2147483647;
			files = (
				ED8E650D1F0EC0F700BCC853 /* HouseTests.swift in Sources */,
				ED8E65171F0ECAA200BCC853 /* PersonTest.swift in Sources */,
				492F0B291F2377F20031EBDC /* ArrayDataSourceTests.swift in Sources */,
				EDE69E601F15607C00CE93C9 /* RepositoryTests.swift in Sources */,
				491E61CB1F24013E004142B8 /* ArrayDelegateTests.swift in Sources */,
			);
			runOnlyForDeploymentPostprocessing = 0;
		};
/* End PBXSourcesBuildPhase section */

/* Begin PBXTargetDependency section */
		ED853EFA1F0C47E100F04AD6 /* PBXTargetDependency */ = {
			isa = PBXTargetDependency;
			target = ED853EE31F0C47E100F04AD6 /* Westeros */;
			targetProxy = ED853EF91F0C47E100F04AD6 /* PBXContainerItemProxy */;
		};
/* End PBXTargetDependency section */

/* Begin PBXVariantGroup section */
		ED853EF01F0C47E100F04AD6 /* LaunchScreen.storyboard */ = {
			isa = PBXVariantGroup;
			children = (
				ED853EF11F0C47E100F04AD6 /* Base */,
			);
			name = LaunchScreen.storyboard;
			sourceTree = "<group>";
		};
/* End PBXVariantGroup section */

/* Begin XCBuildConfiguration section */
		ED853EFF1F0C47E100F04AD6 /* Debug */ = {
			isa = XCBuildConfiguration;
			buildSettings = {
				ALWAYS_SEARCH_USER_PATHS = NO;
				CLANG_ANALYZER_NONNULL = YES;
				CLANG_ANALYZER_NUMBER_OBJECT_CONVERSION = YES_AGGRESSIVE;
				CLANG_CXX_LANGUAGE_STANDARD = "gnu++0x";
				CLANG_CXX_LIBRARY = "libc++";
				CLANG_ENABLE_MODULES = YES;
				CLANG_ENABLE_OBJC_ARC = YES;
				CLANG_WARN_BOOL_CONVERSION = YES;
				CLANG_WARN_CONSTANT_CONVERSION = YES;
				CLANG_WARN_DIRECT_OBJC_ISA_USAGE = YES_ERROR;
				CLANG_WARN_DOCUMENTATION_COMMENTS = YES;
				CLANG_WARN_EMPTY_BODY = YES;
				CLANG_WARN_ENUM_CONVERSION = YES;
				CLANG_WARN_INFINITE_RECURSION = YES;
				CLANG_WARN_INT_CONVERSION = YES;
				CLANG_WARN_OBJC_ROOT_CLASS = YES_ERROR;
				CLANG_WARN_SUSPICIOUS_MOVE = YES;
				CLANG_WARN_UNREACHABLE_CODE = YES;
				CLANG_WARN__DUPLICATE_METHOD_MATCH = YES;
				"CODE_SIGN_IDENTITY[sdk=iphoneos*]" = "iPhone Developer";
				COPY_PHASE_STRIP = NO;
				DEBUG_INFORMATION_FORMAT = dwarf;
				ENABLE_STRICT_OBJC_MSGSEND = YES;
				ENABLE_TESTABILITY = YES;
				GCC_C_LANGUAGE_STANDARD = gnu99;
				GCC_DYNAMIC_NO_PIC = NO;
				GCC_NO_COMMON_BLOCKS = YES;
				GCC_OPTIMIZATION_LEVEL = 0;
				GCC_PREPROCESSOR_DEFINITIONS = (
					"DEBUG=1",
					"$(inherited)",
				);
				GCC_WARN_64_TO_32_BIT_CONVERSION = YES;
				GCC_WARN_ABOUT_RETURN_TYPE = YES_ERROR;
				GCC_WARN_UNDECLARED_SELECTOR = YES;
				GCC_WARN_UNINITIALIZED_AUTOS = YES_AGGRESSIVE;
				GCC_WARN_UNUSED_FUNCTION = YES;
				GCC_WARN_UNUSED_VARIABLE = YES;
				IPHONEOS_DEPLOYMENT_TARGET = 10.3;
				MTL_ENABLE_DEBUG_INFO = YES;
				ONLY_ACTIVE_ARCH = YES;
				SDKROOT = iphoneos;
				SWIFT_ACTIVE_COMPILATION_CONDITIONS = DEBUG;
				SWIFT_OPTIMIZATION_LEVEL = "-Onone";
				TARGETED_DEVICE_FAMILY = "1,2";
			};
			name = Debug;
		};
		ED853F001F0C47E100F04AD6 /* Release */ = {
			isa = XCBuildConfiguration;
			buildSettings = {
				ALWAYS_SEARCH_USER_PATHS = NO;
				CLANG_ANALYZER_NONNULL = YES;
				CLANG_ANALYZER_NUMBER_OBJECT_CONVERSION = YES_AGGRESSIVE;
				CLANG_CXX_LANGUAGE_STANDARD = "gnu++0x";
				CLANG_CXX_LIBRARY = "libc++";
				CLANG_ENABLE_MODULES = YES;
				CLANG_ENABLE_OBJC_ARC = YES;
				CLANG_WARN_BOOL_CONVERSION = YES;
				CLANG_WARN_CONSTANT_CONVERSION = YES;
				CLANG_WARN_DIRECT_OBJC_ISA_USAGE = YES_ERROR;
				CLANG_WARN_DOCUMENTATION_COMMENTS = YES;
				CLANG_WARN_EMPTY_BODY = YES;
				CLANG_WARN_ENUM_CONVERSION = YES;
				CLANG_WARN_INFINITE_RECURSION = YES;
				CLANG_WARN_INT_CONVERSION = YES;
				CLANG_WARN_OBJC_ROOT_CLASS = YES_ERROR;
				CLANG_WARN_SUSPICIOUS_MOVE = YES;
				CLANG_WARN_UNREACHABLE_CODE = YES;
				CLANG_WARN__DUPLICATE_METHOD_MATCH = YES;
				"CODE_SIGN_IDENTITY[sdk=iphoneos*]" = "iPhone Developer";
				COPY_PHASE_STRIP = NO;
				DEBUG_INFORMATION_FORMAT = "dwarf-with-dsym";
				ENABLE_NS_ASSERTIONS = NO;
				ENABLE_STRICT_OBJC_MSGSEND = YES;
				GCC_C_LANGUAGE_STANDARD = gnu99;
				GCC_NO_COMMON_BLOCKS = YES;
				GCC_WARN_64_TO_32_BIT_CONVERSION = YES;
				GCC_WARN_ABOUT_RETURN_TYPE = YES_ERROR;
				GCC_WARN_UNDECLARED_SELECTOR = YES;
				GCC_WARN_UNINITIALIZED_AUTOS = YES_AGGRESSIVE;
				GCC_WARN_UNUSED_FUNCTION = YES;
				GCC_WARN_UNUSED_VARIABLE = YES;
				IPHONEOS_DEPLOYMENT_TARGET = 10.3;
				MTL_ENABLE_DEBUG_INFO = NO;
				SDKROOT = iphoneos;
				SWIFT_OPTIMIZATION_LEVEL = "-Owholemodule";
				TARGETED_DEVICE_FAMILY = "1,2";
				VALIDATE_PRODUCT = YES;
			};
			name = Release;
		};
		ED853F021F0C47E100F04AD6 /* Debug */ = {
			isa = XCBuildConfiguration;
			buildSettings = {
				ASSETCATALOG_COMPILER_APPICON_NAME = AppIcon;
				DEVELOPMENT_TEAM = L74TMB66P4;
				INFOPLIST_FILE = Westeros/Info.plist;
				LD_RUNPATH_SEARCH_PATHS = "$(inherited) @executable_path/Frameworks";
				PRODUCT_BUNDLE_IDENTIFIER = io.keepcoding.Westeros;
				PRODUCT_NAME = "$(TARGET_NAME)";
				SWIFT_VERSION = 3.0;
			};
			name = Debug;
		};
		ED853F031F0C47E100F04AD6 /* Release */ = {
			isa = XCBuildConfiguration;
			buildSettings = {
				ASSETCATALOG_COMPILER_APPICON_NAME = AppIcon;
				DEVELOPMENT_TEAM = L74TMB66P4;
				INFOPLIST_FILE = Westeros/Info.plist;
				LD_RUNPATH_SEARCH_PATHS = "$(inherited) @executable_path/Frameworks";
				PRODUCT_BUNDLE_IDENTIFIER = io.keepcoding.Westeros;
				PRODUCT_NAME = "$(TARGET_NAME)";
				SWIFT_VERSION = 3.0;
			};
			name = Release;
		};
		ED853F051F0C47E100F04AD6 /* Debug */ = {
			isa = XCBuildConfiguration;
			buildSettings = {
				ALWAYS_EMBED_SWIFT_STANDARD_LIBRARIES = YES;
				BUNDLE_LOADER = "$(TEST_HOST)";
				CLANG_ENABLE_MODULES = YES;
				DEVELOPMENT_TEAM = L74TMB66P4;
				INFOPLIST_FILE = WesterosTests/Info.plist;
				LD_RUNPATH_SEARCH_PATHS = "$(inherited) @executable_path/Frameworks @loader_path/Frameworks";
				PRODUCT_BUNDLE_IDENTIFIER = io.keepcoding.WesterosTests;
				PRODUCT_NAME = "$(TARGET_NAME)";
				SWIFT_OPTIMIZATION_LEVEL = "-Onone";
				SWIFT_VERSION = 3.0;
				TEST_HOST = "$(BUILT_PRODUCTS_DIR)/Westeros.app/Westeros";
			};
			name = Debug;
		};
		ED853F061F0C47E100F04AD6 /* Release */ = {
			isa = XCBuildConfiguration;
			buildSettings = {
				ALWAYS_EMBED_SWIFT_STANDARD_LIBRARIES = YES;
				BUNDLE_LOADER = "$(TEST_HOST)";
				CLANG_ENABLE_MODULES = YES;
				DEVELOPMENT_TEAM = L74TMB66P4;
				INFOPLIST_FILE = WesterosTests/Info.plist;
				LD_RUNPATH_SEARCH_PATHS = "$(inherited) @executable_path/Frameworks @loader_path/Frameworks";
				PRODUCT_BUNDLE_IDENTIFIER = io.keepcoding.WesterosTests;
				PRODUCT_NAME = "$(TARGET_NAME)";
				SWIFT_VERSION = 3.0;
				TEST_HOST = "$(BUILT_PRODUCTS_DIR)/Westeros.app/Westeros";
			};
			name = Release;
		};
/* End XCBuildConfiguration section */

/* Begin XCConfigurationList section */
		ED853EDF1F0C47E100F04AD6 /* Build configuration list for PBXProject "Westeros" */ = {
			isa = XCConfigurationList;
			buildConfigurations = (
				ED853EFF1F0C47E100F04AD6 /* Debug */,
				ED853F001F0C47E100F04AD6 /* Release */,
			);
			defaultConfigurationIsVisible = 0;
			defaultConfigurationName = Release;
		};
		ED853F011F0C47E100F04AD6 /* Build configuration list for PBXNativeTarget "Westeros" */ = {
			isa = XCConfigurationList;
			buildConfigurations = (
				ED853F021F0C47E100F04AD6 /* Debug */,
				ED853F031F0C47E100F04AD6 /* Release */,
			);
			defaultConfigurationIsVisible = 0;
			defaultConfigurationName = Release;
		};
		ED853F041F0C47E100F04AD6 /* Build configuration list for PBXNativeTarget "WesterosTests" */ = {
			isa = XCConfigurationList;
			buildConfigurations = (
				ED853F051F0C47E100F04AD6 /* Debug */,
				ED853F061F0C47E100F04AD6 /* Release */,
			);
			defaultConfigurationIsVisible = 0;
			defaultConfigurationName = Release;
		};
/* End XCConfigurationList section */
	};
	rootObject = ED853EDC1F0C47E100F04AD6 /* Project object */;
}
